Microsoft Visual Studio Solution File, Format Version 12.00
# Visual Studio Version 18
VisualStudioVersion = 18.3.11222.16
MinimumVisualStudioVersion = 10.0.40219.1
Project("{FAE04EC0-301F-11D3-BF4B-00C04F79EFBC}") = "AspireDemo.AppHost", "AspireDemo.AppHost\AspireDemo.AppHost.csproj", "{4D7A6BBE-5314-41B5-8F0D-F9B0C444F768}"
EndProject
Project("{FAE04EC0-301F-11D3-BF4B-00C04F79EFBC}") = "AspireDemo.ServiceDefaults", "AspireDemo.ServiceDefaults\AspireDemo.ServiceDefaults.csproj", "{3790E586-043D-8337-B74A-5144E691611D}"
EndProject
Project("{FAE04EC0-301F-11D3-BF4B-00C04F79EFBC}") = "AspireDemo.ApiService", "AspireDemo.ApiService\AspireDemo.ApiService.csproj", "{51E666D6-5FCD-E672-752F-2FE0AC2615D4}"
EndProject
Project("{FAE04EC0-301F-11D3-BF4B-00C04F79EFBC}") = "AspireDemo.Web", "AspireDemo.Web\AspireDemo.Web.csproj", "{EA452ADA-A3F4-B938-3256-74AD64D0F733}"
EndProject
Project("{FAE04EC0-301F-11D3-BF4B-00C04F79EFBC}") = "AspireDemo.Tests", "AspireDemo.Tests\AspireDemo.Tests.csproj", "{F34A7E36-A34C-7507-66E8-6CC01EEF9656}"
EndProject
Project("{FAE04EC0-301F-11D3-BF4B-00C04F79EFBC}") = "AspireDemo.Gateway", "AspireDemo.Gateway\AspireDemo.Gateway.csproj", "{B98AD6C5-1C92-DB81-2034-1901543E4C96}"
EndProject
Project("{E53339B2-1760-4266-BCC7-CA923CBCF16C}") = "docker-compose", "docker-compose.dcproj", "{81DDED9D-158B-E303-5F62-77A2896D2A5A}"
EndProject
Global
	GlobalSection(SolutionConfigurationPlatforms) = preSolution
		Debug|Any CPU = Debug|Any CPU
		Release|Any CPU = Release|Any CPU
	EndGlobalSection
	GlobalSection(ProjectConfigurationPlatforms) = postSolution
		{4D7A6BBE-5314-41B5-8F0D-F9B0C444F768}.Debug|Any CPU.ActiveCfg = Debug|Any CPU
		{4D7A6BBE-5314-41B5-8F0D-F9B0C444F768}.Debug|Any CPU.Build.0 = Debug|Any CPU
		{4D7A6BBE-5314-41B5-8F0D-F9B0C444F768}.Release|Any CPU.ActiveCfg = Release|Any CPU
		{4D7A6BBE-5314-41B5-8F0D-F9B0C444F768}.Release|Any CPU.Build.0 = Release|Any CPU
		{3790E586-043D-8337-B74A-5144E691611D}.Debug|Any CPU.ActiveCfg = Debug|Any CPU
		{3790E586-043D-8337-B74A-5144E691611D}.Debug|Any CPU.Build.0 = Debug|Any CPU
		{3790E586-043D-8337-B74A-5144E691611D}.Release|Any CPU.ActiveCfg = Release|Any CPU
		{3790E586-043D-8337-B74A-5144E691611D}.Release|Any CPU.Build.0 = Release|Any CPU
		{51E666D6-5FCD-E672-752F-2FE0AC2615D4}.Debug|Any CPU.ActiveCfg = Debug|Any CPU
		{51E666D6-5FCD-E672-752F-2FE0AC2615D4}.Debug|Any CPU.Build.0 = Debug|Any CPU
		{51E666D6-5FCD-E672-752F-2FE0AC2615D4}.Release|Any CPU.ActiveCfg = Release|Any CPU
		{51E666D6-5FCD-E672-752F-2FE0AC2615D4}.Release|Any CPU.Build.0 = Release|Any CPU
		{EA452ADA-A3F4-B938-3256-74AD64D0F733}.Debug|Any CPU.ActiveCfg = Debug|Any CPU
		{EA452ADA-A3F4-B938-3256-74AD64D0F733}.Debug|Any CPU.Build.0 = Debug|Any CPU
		{EA452ADA-A3F4-B938-3256-74AD64D0F733}.Release|Any CPU.ActiveCfg = Release|Any CPU
		{EA452ADA-A3F4-B938-3256-74AD64D0F733}.Release|Any CPU.Build.0 = Release|Any CPU
		{F34A7E36-A34C-7507-66E8-6CC01EEF9656}.Debug|Any CPU.ActiveCfg = Debug|Any CPU
		{F34A7E36-A34C-7507-66E8-6CC01EEF9656}.Debug|Any CPU.Build.0 = Debug|Any CPU
		{F34A7E36-A34C-7507-66E8-6CC01EEF9656}.Release|Any CPU.ActiveCfg = Release|Any CPU
		{F34A7E36-A34C-7507-66E8-6CC01EEF9656}.Release|Any CPU.Build.0 = Release|Any CPU
		{B98AD6C5-1C92-DB81-2034-1901543E4C96}.Debug|Any CPU.ActiveCfg = Debug|Any CPU
		{B98AD6C5-1C92-DB81-2034-1901543E4C96}.Debug|Any CPU.Build.0 = Debug|Any CPU
		{B98AD6C5-1C92-DB81-2034-1901543E4C96}.Release|Any CPU.ActiveCfg = Release|Any CPU
		{B98AD6C5-1C92-DB81-2034-1901543E4C96}.Release|Any CPU.Build.0 = Release|Any CPU
		{81DDED9D-158B-E303-5F62-77A2896D2A5A}.Debug|Any CPU.ActiveCfg = Debug|Any CPU
		{81DDED9D-158B-E303-5F62-77A2896D2A5A}.Debug|Any CPU.Build.0 = Debug|Any CPU
		{81DDED9D-158B-E303-5F62-77A2896D2A5A}.Release|Any CPU.ActiveCfg = Release|Any CPU
		{81DDED9D-158B-E303-5F62-77A2896D2A5A}.Release|Any CPU.Build.0 = Release|Any CPU
	EndGlobalSection
	GlobalSection(SolutionProperties) = preSolution
		HideSolutionNode = FALSE
	EndGlobalSection
	GlobalSection(ExtensibilityGlobals) = postSolution
		SolutionGuid = {B84C3DF0-2735-4854-A406-DDC1FFD883A7}
	EndGlobalSection
EndGlobal
